// !$*UTF8*$!
{
	archiveVersion = 1;
	classes = {
	};
	objectVersion = 52;
	objects = {

/* Begin PBXBuildFile section */
		5BD4F3E6256CA5350016B3CF /* CharactersAPI.framework in Frameworks */ = {isa = PBXBuildFile; fileRef = 5BD4F3B4256CA3410016B3CF /* CharactersAPI.framework */; };
		5BD4F3E7256CA5350016B3CF /* CharactersAPI.framework in Embed Frameworks */ = {isa = PBXBuildFile; fileRef = 5BD4F3B4256CA3410016B3CF /* CharactersAPI.framework */; settings = {ATTRIBUTES = (CodeSignOnCopy, RemoveHeadersOnCopy, ); }; };
		5BD4F3E8256CA5350016B3CF /* ImageLoader.framework in Frameworks */ = {isa = PBXBuildFile; fileRef = 5BD4F3BF256CA3520016B3CF /* ImageLoader.framework */; };
		5BD4F3E9256CA5350016B3CF /* ImageLoader.framework in Embed Frameworks */ = {isa = PBXBuildFile; fileRef = 5BD4F3BF256CA3520016B3CF /* ImageLoader.framework */; settings = {ATTRIBUTES = (CodeSignOnCopy, RemoveHeadersOnCopy, ); }; };
		5BD7CF9925706FBB00F6EB7F /* MarvelFeedProviderTests.swift in Sources */ = {isa = PBXBuildFile; fileRef = 5BD7CF9825706FBB00F6EB7F /* MarvelFeedProviderTests.swift */; };
		5BD7CFA22570876600F6EB7F /* MarvelFeedProvider.swift in Sources */ = {isa = PBXBuildFile; fileRef = 5BD7CFA12570876600F6EB7F /* MarvelFeedProvider.swift */; };
		5BD7CFA62570878100F6EB7F /* MainComposer.swift in Sources */ = {isa = PBXBuildFile; fileRef = 5BD7CFA52570878100F6EB7F /* MainComposer.swift */; };
		5BD8DF5A257313D000F5294A /* SnapKit in Frameworks */ = {isa = PBXBuildFile; productRef = 5BD8DF59257313D000F5294A /* SnapKit */; };
		5BD8DF612573228500F5294A /* ItemCell.swift in Sources */ = {isa = PBXBuildFile; fileRef = 5BD8DF602573228500F5294A /* ItemCell.swift */; };
		5BD8DF7C2573449200F5294A /* CharacterDetailsViewController.swift in Sources */ = {isa = PBXBuildFile; fileRef = 5BD8DF7B2573449200F5294A /* CharacterDetailsViewController.swift */; };
		5BFA3F8C256C93940057BD82 /* AppDelegate.swift in Sources */ = {isa = PBXBuildFile; fileRef = 5BFA3F8B256C93940057BD82 /* AppDelegate.swift */; };
		5BFA3F8E256C93940057BD82 /* SceneDelegate.swift in Sources */ = {isa = PBXBuildFile; fileRef = 5BFA3F8D256C93940057BD82 /* SceneDelegate.swift */; };
		5BFA3F90256C93940057BD82 /* FeedViewController.swift in Sources */ = {isa = PBXBuildFile; fileRef = 5BFA3F8F256C93940057BD82 /* FeedViewController.swift */; };
		5BFA3F95256C93950057BD82 /* Assets.xcassets in Resources */ = {isa = PBXBuildFile; fileRef = 5BFA3F94256C93950057BD82 /* Assets.xcassets */; };
		5BFA3F98256C93950057BD82 /* LaunchScreen.storyboard in Resources */ = {isa = PBXBuildFile; fileRef = 5BFA3F96256C93950057BD82 /* LaunchScreen.storyboard */; };
		5BFA3FA3256C93950057BD82 /* MarvelTests.swift in Sources */ = {isa = PBXBuildFile; fileRef = 5BFA3FA2256C93950057BD82 /* MarvelTests.swift */; };
		5BFA3FAE256C93960057BD82 /* MarvelUITests.swift in Sources */ = {isa = PBXBuildFile; fileRef = 5BFA3FAD256C93960057BD82 /* MarvelUITests.swift */; };
/* End PBXBuildFile section */

/* Begin PBXContainerItemProxy section */
		5BD4F3B3256CA3410016B3CF /* PBXContainerItemProxy */ = {
			isa = PBXContainerItemProxy;
			containerPortal = 5BD4F3AD256CA3410016B3CF /* CharactersAPI.xcodeproj */;
			proxyType = 2;
			remoteGlobalIDString = 5B6DD3AE25621F040062004B;
			remoteInfo = CharactersAPI;
		};
		5BD4F3B5256CA3410016B3CF /* PBXContainerItemProxy */ = {
			isa = PBXContainerItemProxy;
			containerPortal = 5BD4F3AD256CA3410016B3CF /* CharactersAPI.xcodeproj */;
			proxyType = 2;
			remoteGlobalIDString = 5B6DD3B725621F040062004B;
			remoteInfo = CharactersAPITests;
		};
		5BD4F3B7256CA3410016B3CF /* PBXContainerItemProxy */ = {
			isa = PBXContainerItemProxy;
			containerPortal = 5BD4F3AD256CA3410016B3CF /* CharactersAPI.xcodeproj */;
			proxyType = 2;
			remoteGlobalIDString = 5B6D27D92565FFC10021B70E;
			remoteInfo = CharactersAPIEndToEndTests;
		};
		5BD4F3BE256CA3520016B3CF /* PBXContainerItemProxy */ = {
			isa = PBXContainerItemProxy;
			containerPortal = 5BD4F3B9256CA3520016B3CF /* ImageLoader.xcodeproj */;
			proxyType = 2;
			remoteGlobalIDString = 5B968C60256759F700E54B66;
			remoteInfo = ImageLoader;
		};
		5BD4F3C0256CA3520016B3CF /* PBXContainerItemProxy */ = {
			isa = PBXContainerItemProxy;
			containerPortal = 5BD4F3B9256CA3520016B3CF /* ImageLoader.xcodeproj */;
			proxyType = 2;
			remoteGlobalIDString = 5B968C69256759F700E54B66;
			remoteInfo = ImageLoaderTests;
		};
		5BD4F3D9256CA4D90016B3CF /* PBXContainerItemProxy */ = {
			isa = PBXContainerItemProxy;
			containerPortal = 5BD4F3B9256CA3520016B3CF /* ImageLoader.xcodeproj */;
			proxyType = 1;
			remoteGlobalIDString = 5B968C5F256759F700E54B66;
			remoteInfo = ImageLoader;
		};
		5BD4F3DB256CA4D90016B3CF /* PBXContainerItemProxy */ = {
			isa = PBXContainerItemProxy;
			containerPortal = 5BD4F3AD256CA3410016B3CF /* CharactersAPI.xcodeproj */;
			proxyType = 1;
			remoteGlobalIDString = 5B6DD3AD25621F040062004B;
			remoteInfo = CharactersAPI;
		};
		5BFA3F9F256C93950057BD82 /* PBXContainerItemProxy */ = {
			isa = PBXContainerItemProxy;
			containerPortal = 5BFA3F80256C93940057BD82 /* Project object */;
			proxyType = 1;
			remoteGlobalIDString = 5BFA3F87256C93940057BD82;
			remoteInfo = Marvel;
		};
		5BFA3FAA256C93960057BD82 /* PBXContainerItemProxy */ = {
			isa = PBXContainerItemProxy;
			containerPortal = 5BFA3F80256C93940057BD82 /* Project object */;
			proxyType = 1;
			remoteGlobalIDString = 5BFA3F87256C93940057BD82;
			remoteInfo = Marvel;
		};
/* End PBXContainerItemProxy section */

/* Begin PBXCopyFilesBuildPhase section */
		5BD4F385256C9FF40016B3CF /* Embed Frameworks */ = {
			isa = PBXCopyFilesBuildPhase;
			buildActionMask = 2147483647;
			dstPath = "";
			dstSubfolderSpec = 10;
			files = (
				5BD4F3E7256CA5350016B3CF /* CharactersAPI.framework in Embed Frameworks */,
				5BD4F3E9256CA5350016B3CF /* ImageLoader.framework in Embed Frameworks */,
			);
			name = "Embed Frameworks";
			runOnlyForDeploymentPostprocessing = 0;
		};
/* End PBXCopyFilesBuildPhase section */

/* Begin PBXFileReference section */
		5BD4F3AD256CA3410016B3CF /* CharactersAPI.xcodeproj */ = {isa = PBXFileReference; lastKnownFileType = "wrapper.pb-project"; name = CharactersAPI.xcodeproj; path = ../CharactersAPI/CharactersAPI.xcodeproj; sourceTree = "<group>"; };
		5BD4F3B9256CA3520016B3CF /* ImageLoader.xcodeproj */ = {isa = PBXFileReference; lastKnownFileType = "wrapper.pb-project"; name = ImageLoader.xcodeproj; path = ../ImageLoader/ImageLoader.xcodeproj; sourceTree = "<group>"; };
		5BD7CF9825706FBB00F6EB7F /* MarvelFeedProviderTests.swift */ = {isa = PBXFileReference; lastKnownFileType = sourcecode.swift; path = MarvelFeedProviderTests.swift; sourceTree = "<group>"; };
		5BD7CFA12570876600F6EB7F /* MarvelFeedProvider.swift */ = {isa = PBXFileReference; lastKnownFileType = sourcecode.swift; path = MarvelFeedProvider.swift; sourceTree = "<group>"; };
		5BD7CFA52570878100F6EB7F /* MainComposer.swift */ = {isa = PBXFileReference; lastKnownFileType = sourcecode.swift; path = MainComposer.swift; sourceTree = "<group>"; };
		5BD8DF602573228500F5294A /* ItemCell.swift */ = {isa = PBXFileReference; lastKnownFileType = sourcecode.swift; path = ItemCell.swift; sourceTree = "<group>"; };
		5BD8DF7B2573449200F5294A /* CharacterDetailsViewController.swift */ = {isa = PBXFileReference; lastKnownFileType = sourcecode.swift; path = CharacterDetailsViewController.swift; sourceTree = "<group>"; };
		5BFA3F88256C93940057BD82 /* Marvel.app */ = {isa = PBXFileReference; explicitFileType = wrapper.application; includeInIndex = 0; path = Marvel.app; sourceTree = BUILT_PRODUCTS_DIR; };
		5BFA3F8B256C93940057BD82 /* AppDelegate.swift */ = {isa = PBXFileReference; lastKnownFileType = sourcecode.swift; path = AppDelegate.swift; sourceTree = "<group>"; };
		5BFA3F8D256C93940057BD82 /* SceneDelegate.swift */ = {isa = PBXFileReference; lastKnownFileType = sourcecode.swift; path = SceneDelegate.swift; sourceTree = "<group>"; };
		5BFA3F8F256C93940057BD82 /* FeedViewController.swift */ = {isa = PBXFileReference; lastKnownFileType = sourcecode.swift; path = FeedViewController.swift; sourceTree = "<group>"; };
		5BFA3F94256C93950057BD82 /* Assets.xcassets */ = {isa = PBXFileReference; lastKnownFileType = folder.assetcatalog; path = Assets.xcassets; sourceTree = "<group>"; };
		5BFA3F97256C93950057BD82 /* Base */ = {isa = PBXFileReference; lastKnownFileType = file.storyboard; name = Base; path = Base.lproj/LaunchScreen.storyboard; sourceTree = "<group>"; };
		5BFA3F99256C93950057BD82 /* Info.plist */ = {isa = PBXFileReference; lastKnownFileType = text.plist.xml; path = Info.plist; sourceTree = "<group>"; };
		5BFA3F9E256C93950057BD82 /* MarvelTests.xctest */ = {isa = PBXFileReference; explicitFileType = wrapper.cfbundle; includeInIndex = 0; path = MarvelTests.xctest; sourceTree = BUILT_PRODUCTS_DIR; };
		5BFA3FA2256C93950057BD82 /* MarvelTests.swift */ = {isa = PBXFileReference; lastKnownFileType = sourcecode.swift; path = MarvelTests.swift; sourceTree = "<group>"; };
		5BFA3FA4256C93950057BD82 /* Info.plist */ = {isa = PBXFileReference; lastKnownFileType = text.plist.xml; path = Info.plist; sourceTree = "<group>"; };
		5BFA3FA9256C93960057BD82 /* MarvelUITests.xctest */ = {isa = PBXFileReference; explicitFileType = wrapper.cfbundle; includeInIndex = 0; path = MarvelUITests.xctest; sourceTree = BUILT_PRODUCTS_DIR; };
		5BFA3FAD256C93960057BD82 /* MarvelUITests.swift */ = {isa = PBXFileReference; lastKnownFileType = sourcecode.swift; path = MarvelUITests.swift; sourceTree = "<group>"; };
		5BFA3FAF256C93960057BD82 /* Info.plist */ = {isa = PBXFileReference; lastKnownFileType = text.plist.xml; path = Info.plist; sourceTree = "<group>"; };
		5BFA3FBE256C93DE0057BD82 /* Marvel.entitlements */ = {isa = PBXFileReference; lastKnownFileType = text.plist.entitlements; path = Marvel.entitlements; sourceTree = "<group>"; };
/* End PBXFileReference section */

/* Begin PBXFrameworksBuildPhase section */
		5BFA3F85256C93940057BD82 /* Frameworks */ = {
			isa = PBXFrameworksBuildPhase;
			buildActionMask = 2147483647;
			files = (
				5BD8DF5A257313D000F5294A /* SnapKit in Frameworks */,
				5BD4F3E6256CA5350016B3CF /* CharactersAPI.framework in Frameworks */,
				5BD4F3E8256CA5350016B3CF /* ImageLoader.framework in Frameworks */,
			);
			runOnlyForDeploymentPostprocessing = 0;
		};
		5BFA3F9B256C93950057BD82 /* Frameworks */ = {
			isa = PBXFrameworksBuildPhase;
			buildActionMask = 2147483647;
			files = (
			);
			runOnlyForDeploymentPostprocessing = 0;
		};
		5BFA3FA6256C93950057BD82 /* Frameworks */ = {
			isa = PBXFrameworksBuildPhase;
			buildActionMask = 2147483647;
			files = (
			);
			runOnlyForDeploymentPostprocessing = 0;
		};
/* End PBXFrameworksBuildPhase section */

/* Begin PBXGroup section */
		5BD4F380256C9FF40016B3CF /* Frameworks */ = {
			isa = PBXGroup;
			children = (
				5BD4F3B9256CA3520016B3CF /* ImageLoader.xcodeproj */,
				5BD4F3AD256CA3410016B3CF /* CharactersAPI.xcodeproj */,
			);
			name = Frameworks;
			sourceTree = "<group>";
		};
		5BD4F3AE256CA3410016B3CF /* Products */ = {
			isa = PBXGroup;
			children = (
				5BD4F3B4256CA3410016B3CF /* CharactersAPI.framework */,
				5BD4F3B6256CA3410016B3CF /* CharactersAPITests.xctest */,
				5BD4F3B8256CA3410016B3CF /* CharactersAPIEndToEndTests.xctest */,
			);
			name = Products;
			sourceTree = "<group>";
		};
		5BD4F3BA256CA3520016B3CF /* Products */ = {
			isa = PBXGroup;
			children = (
				5BD4F3BF256CA3520016B3CF /* ImageLoader.framework */,
				5BD4F3C1256CA3520016B3CF /* ImageLoaderTests.xctest */,
			);
			name = Products;
			sourceTree = "<group>";
		};
		5BD7CFB8257091BD00F6EB7F /* System Internals */ = {
			isa = PBXGroup;
			children = (
				5BFA3F94256C93950057BD82 /* Assets.xcassets */,
				5BFA3F99256C93950057BD82 /* Info.plist */,
				5BFA3F96256C93950057BD82 /* LaunchScreen.storyboard */,
				5BFA3FBE256C93DE0057BD82 /* Marvel.entitlements */,
				5BFA3F8D256C93940057BD82 /* SceneDelegate.swift */,
				5BFA3F8B256C93940057BD82 /* AppDelegate.swift */,
			);
			name = "System Internals";
			sourceTree = "<group>";
		};
		5BD7CFB92570921700F6EB7F /* CharactersFeedUseCase */ = {
			isa = PBXGroup;
			children = (
				5BFA3F8F256C93940057BD82 /* FeedViewController.swift */,
				5BD7CFA12570876600F6EB7F /* MarvelFeedProvider.swift */,
				5BD8DF602573228500F5294A /* ItemCell.swift */,
			);
			name = CharactersFeedUseCase;
			sourceTree = "<group>";
		};
		5BD8DF7A2573444800F5294A /* CharactersDetailsUseCase */ = {
			isa = PBXGroup;
			children = (
				5BD8DF7B2573449200F5294A /* CharacterDetailsViewController.swift */,
			);
			name = CharactersDetailsUseCase;
			sourceTree = "<group>";
		};
		5BFA3F7F256C93940057BD82 = {
			isa = PBXGroup;
			children = (
				5BFA3F8A256C93940057BD82 /* Marvel */,
				5BFA3FA1256C93950057BD82 /* MarvelTests */,
				5BFA3FAC256C93960057BD82 /* MarvelUITests */,
				5BFA3F89256C93940057BD82 /* Products */,
				5BD4F380256C9FF40016B3CF /* Frameworks */,
			);
			sourceTree = "<group>";
		};
		5BFA3F89256C93940057BD82 /* Products */ = {
			isa = PBXGroup;
			children = (
				5BFA3F88256C93940057BD82 /* Marvel.app */,
				5BFA3F9E256C93950057BD82 /* MarvelTests.xctest */,
				5BFA3FA9256C93960057BD82 /* MarvelUITests.xctest */,
			);
			name = Products;
			sourceTree = "<group>";
		};
		5BFA3F8A256C93940057BD82 /* Marvel */ = {
			isa = PBXGroup;
			children = (
				5BD8DF7A2573444800F5294A /* CharactersDetailsUseCase */,
				5BD7CFB92570921700F6EB7F /* CharactersFeedUseCase */,
				5BD7CFB8257091BD00F6EB7F /* System Internals */,
				5BD7CFA52570878100F6EB7F /* MainComposer.swift */,
			);
			path = Marvel;
			sourceTree = "<group>";
		};
		5BFA3FA1256C93950057BD82 /* MarvelTests */ = {
			isa = PBXGroup;
			children = (
				5BFA3FA2256C93950057BD82 /* MarvelTests.swift */,
				5BD7CF9825706FBB00F6EB7F /* MarvelFeedProviderTests.swift */,
				5BFA3FA4256C93950057BD82 /* Info.plist */,
			);
			path = MarvelTests;
			sourceTree = "<group>";
		};
		5BFA3FAC256C93960057BD82 /* MarvelUITests */ = {
			isa = PBXGroup;
			children = (
				5BFA3FAD256C93960057BD82 /* MarvelUITests.swift */,
				5BFA3FAF256C93960057BD82 /* Info.plist */,
			);
			path = MarvelUITests;
			sourceTree = "<group>";
		};
/* End PBXGroup section */

/* Begin PBXNativeTarget section */
		5BFA3F87256C93940057BD82 /* Marvel */ = {
			isa = PBXNativeTarget;
			buildConfigurationList = 5BFA3FB2256C93960057BD82 /* Build configuration list for PBXNativeTarget "Marvel" */;
			buildPhases = (
				5BFA3F84256C93940057BD82 /* Sources */,
				5BFA3F85256C93940057BD82 /* Frameworks */,
				5BFA3F86256C93940057BD82 /* Resources */,
				5BD4F385256C9FF40016B3CF /* Embed Frameworks */,
			);
			buildRules = (
			);
			dependencies = (
				5BD4F3DA256CA4D90016B3CF /* PBXTargetDependency */,
				5BD4F3DC256CA4D90016B3CF /* PBXTargetDependency */,
			);
			name = Marvel;
			packageProductDependencies = (
				5BD8DF59257313D000F5294A /* SnapKit */,
			);
			productName = Marvel;
			productReference = 5BFA3F88256C93940057BD82 /* Marvel.app */;
			productType = "com.apple.product-type.application";
		};
		5BFA3F9D256C93950057BD82 /* MarvelTests */ = {
			isa = PBXNativeTarget;
			buildConfigurationList = 5BFA3FB5256C93960057BD82 /* Build configuration list for PBXNativeTarget "MarvelTests" */;
			buildPhases = (
				5BFA3F9A256C93950057BD82 /* Sources */,
				5BFA3F9B256C93950057BD82 /* Frameworks */,
				5BFA3F9C256C93950057BD82 /* Resources */,
			);
			buildRules = (
			);
			dependencies = (
				5BFA3FA0256C93950057BD82 /* PBXTargetDependency */,
			);
			name = MarvelTests;
			productName = MarvelTests;
			productReference = 5BFA3F9E256C93950057BD82 /* MarvelTests.xctest */;
			productType = "com.apple.product-type.bundle.unit-test";
		};
		5BFA3FA8256C93950057BD82 /* MarvelUITests */ = {
			isa = PBXNativeTarget;
			buildConfigurationList = 5BFA3FB8256C93960057BD82 /* Build configuration list for PBXNativeTarget "MarvelUITests" */;
			buildPhases = (
				5BFA3FA5256C93950057BD82 /* Sources */,
				5BFA3FA6256C93950057BD82 /* Frameworks */,
				5BFA3FA7256C93950057BD82 /* Resources */,
			);
			buildRules = (
			);
			dependencies = (
				5BFA3FAB256C93960057BD82 /* PBXTargetDependency */,
			);
			name = MarvelUITests;
			productName = MarvelUITests;
			productReference = 5BFA3FA9256C93960057BD82 /* MarvelUITests.xctest */;
			productType = "com.apple.product-type.bundle.ui-testing";
		};
/* End PBXNativeTarget section */

/* Begin PBXProject section */
		5BFA3F80256C93940057BD82 /* Project object */ = {
			isa = PBXProject;
			attributes = {
				LastSwiftUpdateCheck = 1220;
				LastUpgradeCheck = 1220;
				TargetAttributes = {
					5BFA3F87256C93940057BD82 = {
						CreatedOnToolsVersion = 12.2;
					};
					5BFA3F9D256C93950057BD82 = {
						CreatedOnToolsVersion = 12.2;
						TestTargetID = 5BFA3F87256C93940057BD82;
					};
					5BFA3FA8256C93950057BD82 = {
						CreatedOnToolsVersion = 12.2;
						TestTargetID = 5BFA3F87256C93940057BD82;
					};
				};
			};
			buildConfigurationList = 5BFA3F83256C93940057BD82 /* Build configuration list for PBXProject "Marvel" */;
			compatibilityVersion = "Xcode 9.3";
			developmentRegion = en;
			hasScannedForEncodings = 0;
			knownRegions = (
				en,
				Base,
			);
			mainGroup = 5BFA3F7F256C93940057BD82;
			packageReferences = (
				5BD8DF58257313D000F5294A /* XCRemoteSwiftPackageReference "SnapKit" */,
			);
			productRefGroup = 5BFA3F89256C93940057BD82 /* Products */;
			projectDirPath = "";
			projectReferences = (
				{
					ProductGroup = 5BD4F3AE256CA3410016B3CF /* Products */;
					ProjectRef = 5BD4F3AD256CA3410016B3CF /* CharactersAPI.xcodeproj */;
				},
				{
					ProductGroup = 5BD4F3BA256CA3520016B3CF /* Products */;
					ProjectRef = 5BD4F3B9256CA3520016B3CF /* ImageLoader.xcodeproj */;
				},
			);
			projectRoot = "";
			targets = (
				5BFA3F87256C93940057BD82 /* Marvel */,
				5BFA3F9D256C93950057BD82 /* MarvelTests */,
				5BFA3FA8256C93950057BD82 /* MarvelUITests */,
			);
		};
/* End PBXProject section */

/* Begin PBXReferenceProxy section */
		5BD4F3B4256CA3410016B3CF /* CharactersAPI.framework */ = {
			isa = PBXReferenceProxy;
			fileType = wrapper.framework;
			path = CharactersAPI.framework;
			remoteRef = 5BD4F3B3256CA3410016B3CF /* PBXContainerItemProxy */;
			sourceTree = BUILT_PRODUCTS_DIR;
		};
		5BD4F3B6256CA3410016B3CF /* CharactersAPITests.xctest */ = {
			isa = PBXReferenceProxy;
			fileType = wrapper.cfbundle;
			path = CharactersAPITests.xctest;
			remoteRef = 5BD4F3B5256CA3410016B3CF /* PBXContainerItemProxy */;
			sourceTree = BUILT_PRODUCTS_DIR;
		};
		5BD4F3B8256CA3410016B3CF /* CharactersAPIEndToEndTests.xctest */ = {
			isa = PBXReferenceProxy;
			fileType = wrapper.cfbundle;
			path = CharactersAPIEndToEndTests.xctest;
			remoteRef = 5BD4F3B7256CA3410016B3CF /* PBXContainerItemProxy */;
			sourceTree = BUILT_PRODUCTS_DIR;
		};
		5BD4F3BF256CA3520016B3CF /* ImageLoader.framework */ = {
			isa = PBXReferenceProxy;
			fileType = wrapper.framework;
			path = ImageLoader.framework;
			remoteRef = 5BD4F3BE256CA3520016B3CF /* PBXContainerItemProxy */;
			sourceTree = BUILT_PRODUCTS_DIR;
		};
		5BD4F3C1256CA3520016B3CF /* ImageLoaderTests.xctest */ = {
			isa = PBXReferenceProxy;
			fileType = wrapper.cfbundle;
			path = ImageLoaderTests.xctest;
			remoteRef = 5BD4F3C0256CA3520016B3CF /* PBXContainerItemProxy */;
			sourceTree = BUILT_PRODUCTS_DIR;
		};
/* End PBXReferenceProxy section */

/* Begin PBXResourcesBuildPhase section */
		5BFA3F86256C93940057BD82 /* Resources */ = {
			isa = PBXResourcesBuildPhase;
			buildActionMask = 2147483647;
			files = (
				5BFA3F98256C93950057BD82 /* LaunchScreen.storyboard in Resources */,
				5BFA3F95256C93950057BD82 /* Assets.xcassets in Resources */,
			);
			runOnlyForDeploymentPostprocessing = 0;
		};
		5BFA3F9C256C93950057BD82 /* Resources */ = {
			isa = PBXResourcesBuildPhase;
			buildActionMask = 2147483647;
			files = (
			);
			runOnlyForDeploymentPostprocessing = 0;
		};
		5BFA3FA7256C93950057BD82 /* Resources */ = {
			isa = PBXResourcesBuildPhase;
			buildActionMask = 2147483647;
			files = (
			);
			runOnlyForDeploymentPostprocessing = 0;
		};
/* End PBXResourcesBuildPhase section */

/* Begin PBXSourcesBuildPhase section */
		5BFA3F84256C93940057BD82 /* Sources */ = {
			isa = PBXSourcesBuildPhase;
			buildActionMask = 2147483647;
			files = (
				5BD8DF7C2573449200F5294A /* CharacterDetailsViewController.swift in Sources */,
				5BFA3F90256C93940057BD82 /* FeedViewController.swift in Sources */,
				5BD7CFA62570878100F6EB7F /* MainComposer.swift in Sources */,
				5BD8DF612573228500F5294A /* ItemCell.swift in Sources */,
				5BD7CFA22570876600F6EB7F /* MarvelFeedProvider.swift in Sources */,
				5BFA3F8C256C93940057BD82 /* AppDelegate.swift in Sources */,
				5BFA3F8E256C93940057BD82 /* SceneDelegate.swift in Sources */,
			);
			runOnlyForDeploymentPostprocessing = 0;
		};
		5BFA3F9A256C93950057BD82 /* Sources */ = {
			isa = PBXSourcesBuildPhase;
			buildActionMask = 2147483647;
			files = (
				5BFA3FA3256C93950057BD82 /* MarvelTests.swift in Sources */,
				5BD7CF9925706FBB00F6EB7F /* MarvelFeedProviderTests.swift in Sources */,
			);
			runOnlyForDeploymentPostprocessing = 0;
		};
		5BFA3FA5256C93950057BD82 /* Sources */ = {
			isa = PBXSourcesBuildPhase;
			buildActionMask = 2147483647;
			files = (
				5BFA3FAE256C93960057BD82 /* MarvelUITests.swift in Sources */,
			);
			runOnlyForDeploymentPostprocessing = 0;
		};
/* End PBXSourcesBuildPhase section */

/* Begin PBXTargetDependency section */
		5BD4F3DA256CA4D90016B3CF /* PBXTargetDependency */ = {
			isa = PBXTargetDependency;
			name = ImageLoader;
			platformFilter = ios;
			targetProxy = 5BD4F3D9256CA4D90016B3CF /* PBXContainerItemProxy */;
		};
		5BD4F3DC256CA4D90016B3CF /* PBXTargetDependency */ = {
			isa = PBXTargetDependency;
			name = CharactersAPI;
			platformFilter = ios;
			targetProxy = 5BD4F3DB256CA4D90016B3CF /* PBXContainerItemProxy */;
		};
		5BFA3FA0256C93950057BD82 /* PBXTargetDependency */ = {
			isa = PBXTargetDependency;
			target = 5BFA3F87256C93940057BD82 /* Marvel */;
			targetProxy = 5BFA3F9F256C93950057BD82 /* PBXContainerItemProxy */;
		};
		5BFA3FAB256C93960057BD82 /* PBXTargetDependency */ = {
			isa = PBXTargetDependency;
			target = 5BFA3F87256C93940057BD82 /* Marvel */;
			targetProxy = 5BFA3FAA256C93960057BD82 /* PBXContainerItemProxy */;
		};
/* End PBXTargetDependency section */

/* Begin PBXVariantGroup section */
		5BFA3F96256C93950057BD82 /* LaunchScreen.storyboard */ = {
			isa = PBXVariantGroup;
			children = (
				5BFA3F97256C93950057BD82 /* Base */,
			);
			name = LaunchScreen.storyboard;
			sourceTree = "<group>";
		};
/* End PBXVariantGroup section */

/* Begin XCBuildConfiguration section */
		5BFA3FB0256C93960057BD82 /* Debug */ = {
			isa = XCBuildConfiguration;
			buildSettings = {
				ALWAYS_SEARCH_USER_PATHS = NO;
				CLANG_ANALYZER_NONNULL = YES;
				CLANG_ANALYZER_NUMBER_OBJECT_CONVERSION = YES_AGGRESSIVE;
				CLANG_CXX_LANGUAGE_STANDARD = "gnu++14";
				CLANG_CXX_LIBRARY = "libc++";
				CLANG_ENABLE_MODULES = YES;
				CLANG_ENABLE_OBJC_ARC = YES;
				CLANG_ENABLE_OBJC_WEAK = YES;
				CLANG_WARN_BLOCK_CAPTURE_AUTORELEASING = YES;
				CLANG_WARN_BOOL_CONVERSION = YES;
				CLANG_WARN_COMMA = YES;
				CLANG_WARN_CONSTANT_CONVERSION = YES;
				CLANG_WARN_DEPRECATED_OBJC_IMPLEMENTATIONS = YES;
				CLANG_WARN_DIRECT_OBJC_ISA_USAGE = YES_ERROR;
				CLANG_WARN_DOCUMENTATION_COMMENTS = YES;
				CLANG_WARN_EMPTY_BODY = YES;
				CLANG_WARN_ENUM_CONVERSION = YES;
				CLANG_WARN_INFINITE_RECURSION = YES;
				CLANG_WARN_INT_CONVERSION = YES;
				CLANG_WARN_NON_LITERAL_NULL_CONVERSION = YES;
				CLANG_WARN_OBJC_IMPLICIT_RETAIN_SELF = YES;
				CLANG_WARN_OBJC_LITERAL_CONVERSION = YES;
				CLANG_WARN_OBJC_ROOT_CLASS = YES_ERROR;
				CLANG_WARN_QUOTED_INCLUDE_IN_FRAMEWORK_HEADER = YES;
				CLANG_WARN_RANGE_LOOP_ANALYSIS = YES;
				CLANG_WARN_STRICT_PROTOTYPES = YES;
				CLANG_WARN_SUSPICIOUS_MOVE = YES;
				CLANG_WARN_UNGUARDED_AVAILABILITY = YES_AGGRESSIVE;
				CLANG_WARN_UNREACHABLE_CODE = YES;
				CLANG_WARN__DUPLICATE_METHOD_MATCH = YES;
				COPY_PHASE_STRIP = NO;
				DEBUG_INFORMATION_FORMAT = dwarf;
				ENABLE_STRICT_OBJC_MSGSEND = YES;
				ENABLE_TESTABILITY = YES;
				GCC_C_LANGUAGE_STANDARD = gnu11;
				GCC_DYNAMIC_NO_PIC = NO;
				GCC_NO_COMMON_BLOCKS = YES;
				GCC_OPTIMIZATION_LEVEL = 0;
				GCC_PREPROCESSOR_DEFINITIONS = (
					"DEBUG=1",
					"$(inherited)",
				);
				GCC_WARN_64_TO_32_BIT_CONVERSION = YES;
				GCC_WARN_ABOUT_RETURN_TYPE = YES_ERROR;
				GCC_WARN_UNDECLARED_SELECTOR = YES;
				GCC_WARN_UNINITIALIZED_AUTOS = YES_AGGRESSIVE;
				GCC_WARN_UNUSED_FUNCTION = YES;
				GCC_WARN_UNUSED_VARIABLE = YES;
				IPHONEOS_DEPLOYMENT_TARGET = 13.0;
				MTL_ENABLE_DEBUG_INFO = INCLUDE_SOURCE;
				MTL_FAST_MATH = YES;
				ONLY_ACTIVE_ARCH = YES;
				SDKROOT = iphoneos;
				SWIFT_ACTIVE_COMPILATION_CONDITIONS = DEBUG;
				SWIFT_OPTIMIZATION_LEVEL = "-Onone";
			};
			name = Debug;
		};
		5BFA3FB1256C93960057BD82 /* Release */ = {
			isa = XCBuildConfiguration;
			buildSettings = {
				ALWAYS_SEARCH_USER_PATHS = NO;
				CLANG_ANALYZER_NONNULL = YES;
				CLANG_ANALYZER_NUMBER_OBJECT_CONVERSION = YES_AGGRESSIVE;
				CLANG_CXX_LANGUAGE_STANDARD = "gnu++14";
				CLANG_CXX_LIBRARY = "libc++";
				CLANG_ENABLE_MODULES = YES;
				CLANG_ENABLE_OBJC_ARC = YES;
				CLANG_ENABLE_OBJC_WEAK = YES;
				CLANG_WARN_BLOCK_CAPTURE_AUTORELEASING = YES;
				CLANG_WARN_BOOL_CONVERSION = YES;
				CLANG_WARN_COMMA = YES;
				CLANG_WARN_CONSTANT_CONVERSION = YES;
				CLANG_WARN_DEPRECATED_OBJC_IMPLEMENTATIONS = YES;
				CLANG_WARN_DIRECT_OBJC_ISA_USAGE = YES_ERROR;
				CLANG_WARN_DOCUMENTATION_COMMENTS = YES;
				CLANG_WARN_EMPTY_BODY = YES;
				CLANG_WARN_ENUM_CONVERSION = YES;
				CLANG_WARN_INFINITE_RECURSION = YES;
				CLANG_WARN_INT_CONVERSION = YES;
				CLANG_WARN_NON_LITERAL_NULL_CONVERSION = YES;
				CLANG_WARN_OBJC_IMPLICIT_RETAIN_SELF = YES;
				CLANG_WARN_OBJC_LITERAL_CONVERSION = YES;
				CLANG_WARN_OBJC_ROOT_CLASS = YES_ERROR;
				CLANG_WARN_QUOTED_INCLUDE_IN_FRAMEWORK_HEADER = YES;
				CLANG_WARN_RANGE_LOOP_ANALYSIS = YES;
				CLANG_WARN_STRICT_PROTOTYPES = YES;
				CLANG_WARN_SUSPICIOUS_MOVE = YES;
				CLANG_WARN_UNGUARDED_AVAILABILITY = YES_AGGRESSIVE;
				CLANG_WARN_UNREACHABLE_CODE = YES;
				CLANG_WARN__DUPLICATE_METHOD_MATCH = YES;
				COPY_PHASE_STRIP = NO;
				DEBUG_INFORMATION_FORMAT = "dwarf-with-dsym";
				ENABLE_NS_ASSERTIONS = NO;
				ENABLE_STRICT_OBJC_MSGSEND = YES;
				GCC_C_LANGUAGE_STANDARD = gnu11;
				GCC_NO_COMMON_BLOCKS = YES;
				GCC_WARN_64_TO_32_BIT_CONVERSION = YES;
				GCC_WARN_ABOUT_RETURN_TYPE = YES_ERROR;
				GCC_WARN_UNDECLARED_SELECTOR = YES;
				GCC_WARN_UNINITIALIZED_AUTOS = YES_AGGRESSIVE;
				GCC_WARN_UNUSED_FUNCTION = YES;
				GCC_WARN_UNUSED_VARIABLE = YES;
				IPHONEOS_DEPLOYMENT_TARGET = 13.0;
				MTL_ENABLE_DEBUG_INFO = NO;
				MTL_FAST_MATH = YES;
				SDKROOT = iphoneos;
				SWIFT_COMPILATION_MODE = wholemodule;
				SWIFT_OPTIMIZATION_LEVEL = "-O";
				VALIDATE_PRODUCT = YES;
			};
			name = Release;
		};
		5BFA3FB3256C93960057BD82 /* Debug */ = {
			isa = XCBuildConfiguration;
			buildSettings = {
				ASSETCATALOG_COMPILER_APPICON_NAME = AppIcon;
				ASSETCATALOG_COMPILER_GLOBAL_ACCENT_COLOR_NAME = AccentColor;
				CODE_SIGN_ENTITLEMENTS = Marvel/Marvel.entitlements;
				CODE_SIGN_STYLE = Automatic;
				DEVELOPMENT_TEAM = RU5U8BC26T;
				INFOPLIST_FILE = Marvel/Info.plist;
				IPHONEOS_DEPLOYMENT_TARGET = 13.0;
				LD_RUNPATH_SEARCH_PATHS = (
					"$(inherited)",
					"@executable_path/Frameworks",
				);
				PRODUCT_BUNDLE_IDENTIFIER = halonso.Marvel;
				PRODUCT_NAME = "$(TARGET_NAME)";
				SUPPORTS_MACCATALYST = NO;
				SWIFT_VERSION = 5.0;
				TARGETED_DEVICE_FAMILY = "1,2";
			};
			name = Debug;
		};
		5BFA3FB4256C93960057BD82 /* Release */ = {
			isa = XCBuildConfiguration;
			buildSettings = {
				ASSETCATALOG_COMPILER_APPICON_NAME = AppIcon;
				ASSETCATALOG_COMPILER_GLOBAL_ACCENT_COLOR_NAME = AccentColor;
				CODE_SIGN_ENTITLEMENTS = Marvel/Marvel.entitlements;
				CODE_SIGN_STYLE = Automatic;
				DEVELOPMENT_TEAM = RU5U8BC26T;
				INFOPLIST_FILE = Marvel/Info.plist;
				IPHONEOS_DEPLOYMENT_TARGET = 13.0;
				LD_RUNPATH_SEARCH_PATHS = (
					"$(inherited)",
					"@executable_path/Frameworks",
				);
				PRODUCT_BUNDLE_IDENTIFIER = halonso.Marvel;
				PRODUCT_NAME = "$(TARGET_NAME)";
				SUPPORTS_MACCATALYST = NO;
				SWIFT_VERSION = 5.0;
				TARGETED_DEVICE_FAMILY = "1,2";
			};
			name = Release;
		};
		5BFA3FB6256C93960057BD82 /* Debug */ = {
			isa = XCBuildConfiguration;
			buildSettings = {
				ALWAYS_EMBED_SWIFT_STANDARD_LIBRARIES = YES;
				BUNDLE_LOADER = "$(TEST_HOST)";
				CODE_SIGN_STYLE = Automatic;
				DEVELOPMENT_TEAM = RU5U8BC26T;
				INFOPLIST_FILE = MarvelTests/Info.plist;
				IPHONEOS_DEPLOYMENT_TARGET = 13.0;
				LD_RUNPATH_SEARCH_PATHS = (
					"$(inherited)",
					"@executable_path/Frameworks",
					"@loader_path/Frameworks",
				);
				PRODUCT_BUNDLE_IDENTIFIER = halonso.MarvelTests;
				PRODUCT_NAME = "$(TARGET_NAME)";
				SWIFT_VERSION = 5.0;
				TARGETED_DEVICE_FAMILY = "1,2";
				TEST_HOST = "$(BUILT_PRODUCTS_DIR)/Marvel.app/Marvel";
			};
			name = Debug;
		};
		5BFA3FB7256C93960057BD82 /* Release */ = {
			isa = XCBuildConfiguration;
			buildSettings = {
				ALWAYS_EMBED_SWIFT_STANDARD_LIBRARIES = YES;
				BUNDLE_LOADER = "$(TEST_HOST)";
				CODE_SIGN_STYLE = Automatic;
				DEVELOPMENT_TEAM = RU5U8BC26T;
				INFOPLIST_FILE = MarvelTests/Info.plist;
				IPHONEOS_DEPLOYMENT_TARGET = 13.0;
				LD_RUNPATH_SEARCH_PATHS = (
					"$(inherited)",
					"@executable_path/Frameworks",
					"@loader_path/Frameworks",
				);
				PRODUCT_BUNDLE_IDENTIFIER = halonso.MarvelTests;
				PRODUCT_NAME = "$(TARGET_NAME)";
				SWIFT_VERSION = 5.0;
				TARGETED_DEVICE_FAMILY = "1,2";
				TEST_HOST = "$(BUILT_PRODUCTS_DIR)/Marvel.app/Marvel";
			};
			name = Release;
		};
		5BFA3FB9256C93960057BD82 /* Debug */ = {
			isa = XCBuildConfiguration;
			buildSettings = {
				ALWAYS_EMBED_SWIFT_STANDARD_LIBRARIES = YES;
				CODE_SIGN_STYLE = Automatic;
				DEVELOPMENT_TEAM = RU5U8BC26T;
				INFOPLIST_FILE = MarvelUITests/Info.plist;
				LD_RUNPATH_SEARCH_PATHS = (
					"$(inherited)",
					"@executable_path/Frameworks",
					"@loader_path/Frameworks",
				);
				PRODUCT_BUNDLE_IDENTIFIER = halonso.MarvelUITests;
				PRODUCT_NAME = "$(TARGET_NAME)";
				SWIFT_VERSION = 5.0;
				TARGETED_DEVICE_FAMILY = "1,2";
				TEST_TARGET_NAME = Marvel;
			};
			name = Debug;
		};
		5BFA3FBA256C93960057BD82 /* Release */ = {
			isa = XCBuildConfiguration;
			buildSettings = {
				ALWAYS_EMBED_SWIFT_STANDARD_LIBRARIES = YES;
				CODE_SIGN_STYLE = Automatic;
				DEVELOPMENT_TEAM = RU5U8BC26T;
				INFOPLIST_FILE = MarvelUITests/Info.plist;
				LD_RUNPATH_SEARCH_PATHS = (
					"$(inherited)",
					"@executable_path/Frameworks",
					"@loader_path/Frameworks",
				);
				PRODUCT_BUNDLE_IDENTIFIER = halonso.MarvelUITests;
				PRODUCT_NAME = "$(TARGET_NAME)";
				SWIFT_VERSION = 5.0;
				TARGETED_DEVICE_FAMILY = "1,2";
				TEST_TARGET_NAME = Marvel;
			};
			name = Release;
		};
/* End XCBuildConfiguration section */

/* Begin XCConfigurationList section */
		5BFA3F83256C93940057BD82 /* Build configuration list for PBXProject "Marvel" */ = {
			isa = XCConfigurationList;
			buildConfigurations = (
				5BFA3FB0256C93960057BD82 /* Debug */,
				5BFA3FB1256C93960057BD82 /* Release */,
			);
			defaultConfigurationIsVisible = 0;
			defaultConfigurationName = Release;
		};
		5BFA3FB2256C93960057BD82 /* Build configuration list for PBXNativeTarget "Marvel" */ = {
			isa = XCConfigurationList;
			buildConfigurations = (
				5BFA3FB3256C93960057BD82 /* Debug */,
				5BFA3FB4256C93960057BD82 /* Release */,
			);
			defaultConfigurationIsVisible = 0;
			defaultConfigurationName = Release;
		};
		5BFA3FB5256C93960057BD82 /* Build configuration list for PBXNativeTarget "MarvelTests" */ = {
			isa = XCConfigurationList;
			buildConfigurations = (
				5BFA3FB6256C93960057BD82 /* Debug */,
				5BFA3FB7256C93960057BD82 /* Release */,
			);
			defaultConfigurationIsVisible = 0;
			defaultConfigurationName = Release;
		};
		5BFA3FB8256C93960057BD82 /* Build configuration list for PBXNativeTarget "MarvelUITests" */ = {
			isa = XCConfigurationList;
			buildConfigurations = (
				5BFA3FB9256C93960057BD82 /* Debug */,
				5BFA3FBA256C93960057BD82 /* Release */,
			);
			defaultConfigurationIsVisible = 0;
			defaultConfigurationName = Release;
		};
/* End XCConfigurationList section */

/* Begin XCRemoteSwiftPackageReference section */
		5BD8DF58257313D000F5294A /* XCRemoteSwiftPackageReference "SnapKit" */ = {
			isa = XCRemoteSwiftPackageReference;
			repositoryURL = "https://github.com/SnapKit/SnapKit";
			requirement = {
				kind = upToNextMajorVersion;
				minimumVersion = 5.0.1;
			};
		};
/* End XCRemoteSwiftPackageReference section */

/* Begin XCSwiftPackageProductDependency section */
		5BD8DF59257313D000F5294A /* SnapKit */ = {
			isa = XCSwiftPackageProductDependency;
			package = 5BD8DF58257313D000F5294A /* XCRemoteSwiftPackageReference "SnapKit" */;
			productName = SnapKit;
		};
/* End XCSwiftPackageProductDependency section */
	};
	rootObject = 5BFA3F80256C93940057BD82 /* Project object */;
}
